
Microsoft Visual Studio Solution File, Format Version 12.00
# Visual Studio 15
Project("{FAE04EC0-301F-11D3-BF4B-00C04F79EFBC}") = "Assembly-CSharp", "Assembly-CSharp.csproj", "{D9DFE0FF-AEE1-EB6B-B643-135CCEAA2551}"
EndProject
Project("{FAE04EC0-301F-11D3-BF4B-00C04F79EFBC}") = "Oculus.VR", "Oculus.VR.csproj", "{4BEC4D00-6BA7-20A7-CF59-3B071FAF0D9F}"
EndProject
Project("{FAE04EC0-301F-11D3-BF4B-00C04F79EFBC}") = "Oculus.Platform", "Oculus.Platform.csproj", "{570C0C85-C098-6826-F283-EC074AE4F7C6}"
EndProject
Project("{FAE04EC0-301F-11D3-BF4B-00C04F79EFBC}") = "Assembly-CSharp-Editor", "Assembly-CSharp-Editor.csproj", "{B2A7835F-47B3-3EB2-E6BD-E275C4A6BAB4}"
EndProject
Project("{FAE04EC0-301F-11D3-BF4B-00C04F79EFBC}") = "Oculus.VR.Scripts.Editor", "Oculus.VR.Scripts.Editor.csproj", "{18FCF625-D698-14B7-14C9-46598D19CE34}"
EndProject
Project("{FAE04EC0-301F-11D3-BF4B-00C04F79EFBC}") = "Oculus.VR.Editor", "Oculus.VR.Editor.csproj", "{EA6BD000-DF48-A9F8-CECC-8C45471E27AC}"
EndProject
Project("{FAE04EC0-301F-11D3-BF4B-00C04F79EFBC}") = "Oculus.Platform.Editor", "Oculus.Platform.Editor.csproj", "{F0505EB0-6F0D-3ABC-B889-48F70AC060C9}"
EndProject
Global
	GlobalSection(SolutionConfigurationPlatforms) = preSolution
		Debug|Any CPU = Debug|Any CPU
		Release|Any CPU = Release|Any CPU
	EndGlobalSection
	GlobalSection(ProjectConfigurationPlatforms) = postSolution
		{D9DFE0FF-AEE1-EB6B-B643-135CCEAA2551}.Debug|Any CPU.ActiveCfg = Debug|Any CPU
		{D9DFE0FF-AEE1-EB6B-B643-135CCEAA2551}.Debug|Any CPU.Build.0 = Debug|Any CPU
		{D9DFE0FF-AEE1-EB6B-B643-135CCEAA2551}.Release|Any CPU.ActiveCfg = Release|Any CPU
		{D9DFE0FF-AEE1-EB6B-B643-135CCEAA2551}.Release|Any CPU.Build.0 = Release|Any CPU
		{4BEC4D00-6BA7-20A7-CF59-3B071FAF0D9F}.Debug|Any CPU.ActiveCfg = Debug|Any CPU
		{4BEC4D00-6BA7-20A7-CF59-3B071FAF0D9F}.Debug|Any CPU.Build.0 = Debug|Any CPU
		{4BEC4D00-6BA7-20A7-CF59-3B071FAF0D9F}.Release|Any CPU.ActiveCfg = Release|Any CPU
		{4BEC4D00-6BA7-20A7-CF59-3B071FAF0D9F}.Release|Any CPU.Build.0 = Release|Any CPU
		{570C0C85-C098-6826-F283-EC074AE4F7C6}.Debug|Any CPU.ActiveCfg = Debug|Any CPU
		{570C0C85-C098-6826-F283-EC074AE4F7C6}.Debug|Any CPU.Build.0 = Debug|Any CPU
		{570C0C85-C098-6826-F283-EC074AE4F7C6}.Release|Any CPU.ActiveCfg = Release|Any CPU
		{570C0C85-C098-6826-F283-EC074AE4F7C6}.Release|Any CPU.Build.0 = Release|Any CPU
		{B2A7835F-47B3-3EB2-E6BD-E275C4A6BAB4}.Debug|Any CPU.ActiveCfg = Debug|Any CPU
		{B2A7835F-47B3-3EB2-E6BD-E275C4A6BAB4}.Debug|Any CPU.Build.0 = Debug|Any CPU
		{B2A7835F-47B3-3EB2-E6BD-E275C4A6BAB4}.Release|Any CPU.ActiveCfg = Release|Any CPU
		{B2A7835F-47B3-3EB2-E6BD-E275C4A6BAB4}.Release|Any CPU.Build.0 = Release|Any CPU
		{18FCF625-D698-14B7-14C9-46598D19CE34}.Debug|Any CPU.ActiveCfg = Debug|Any CPU
		{18FCF625-D698-14B7-14C9-46598D19CE34}.Debug|Any CPU.Build.0 = Debug|Any CPU
		{18FCF625-D698-14B7-14C9-46598D19CE34}.Release|Any CPU.ActiveCfg = Release|Any CPU
		{18FCF625-D698-14B7-14C9-46598D19CE34}.Release|Any CPU.Build.0 = Release|Any CPU
		{EA6BD000-DF48-A9F8-CECC-8C45471E27AC}.Debug|Any CPU.ActiveCfg = Debug|Any CPU
		{EA6BD000-DF48-A9F8-CECC-8C45471E27AC}.Debug|Any CPU.Build.0 = Debug|Any CPU
		{EA6BD000-DF48-A9F8-CECC-8C45471E27AC}.Release|Any CPU.ActiveCfg = Release|Any CPU
		{EA6BD000-DF48-A9F8-CECC-8C45471E27AC}.Release|Any CPU.Build.0 = Release|Any CPU
		{F0505EB0-6F0D-3ABC-B889-48F70AC060C9}.Debug|Any CPU.ActiveCfg = Debug|Any CPU
		{F0505EB0-6F0D-3ABC-B889-48F70AC060C9}.Debug|Any CPU.Build.0 = Debug|Any CPU
		{F0505EB0-6F0D-3ABC-B889-48F70AC060C9}.Release|Any CPU.ActiveCfg = Release|Any CPU
		{F0505EB0-6F0D-3ABC-B889-48F70AC060C9}.Release|Any CPU.Build.0 = Release|Any CPU
	EndGlobalSection
	GlobalSection(SolutionProperties) = preSolution
		HideSolutionNode = FALSE
	EndGlobalSection
EndGlobal
